
Microsoft Visual Studio Solution File, Format Version 12.00
# Visual Studio Version 17
VisualStudioVersion = 17.14.36623.8
MinimumVisualStudioVersion = 10.0.40219.1
Project("{FAE04EC0-301F-11D3-BF4B-00C04F79EFBC}") = "Task_1", "Task_1\Task_1.csproj", "{F842A652-F439-42BC-A9F7-30D94FD34DAC}"
EndProject
Project("{FAE04EC0-301F-11D3-BF4B-00C04F79EFBC}") = "Task_2", "Task_2\Task_2.csproj", "{B6128B8D-6B3B-4332-ACEF-9F0122163FF5}"
EndProject
Project("{FAE04EC0-301F-11D3-BF4B-00C04F79EFBC}") = "Task_5", "Task_5\Task_5.csproj", "{560F239A-0059-42CB-9024-1CCFB9BCA489}"
EndProject
Project("{FAE04EC0-301F-11D3-BF4B-00C04F79EFBC}") = "Task_3_4", "Task_3-4\Task_3_4.csproj", "{380A1B39-77B0-69F8-C926-2E3E4B1B2276}"
EndProject
Global
	GlobalSection(SolutionConfigurationPlatforms) = preSolution
		Debug|Any CPU = Debug|Any CPU
		Release|Any CPU = Release|Any CPU
	EndGlobalSection
	GlobalSection(ProjectConfigurationPlatforms) = postSolution
		{F842A652-F439-42BC-A9F7-30D94FD34DAC}.Debug|Any CPU.ActiveCfg = Debug|Any CPU
		{F842A652-F439-42BC-A9F7-30D94FD34DAC}.Debug|Any CPU.Build.0 = Debug|Any CPU
		{F842A652-F439-42BC-A9F7-30D94FD34DAC}.Release|Any CPU.ActiveCfg = Release|Any CPU
		{F842A652-F439-42BC-A9F7-30D94FD34DAC}.Release|Any CPU.Build.0 = Release|Any CPU
		{B6128B8D-6B3B-4332-ACEF-9F0122163FF5}.Debug|Any CPU.ActiveCfg = Debug|Any CPU
		{B6128B8D-6B3B-4332-ACEF-9F0122163FF5}.Debug|Any CPU.Build.0 = Debug|Any CPU
		{B6128B8D-6B3B-4332-ACEF-9F0122163FF5}.Release|Any CPU.ActiveCfg = Release|Any CPU
		{B6128B8D-6B3B-4332-ACEF-9F0122163FF5}.Release|Any CPU.Build.0 = Release|Any CPU
		{560F239A-0059-42CB-9024-1CCFB9BCA489}.Debug|Any CPU.ActiveCfg = Debug|Any CPU
		{560F239A-0059-42CB-9024-1CCFB9BCA489}.Debug|Any CPU.Build.0 = Debug|Any CPU
		{560F239A-0059-42CB-9024-1CCFB9BCA489}.Release|Any CPU.ActiveCfg = Release|Any CPU
		{560F239A-0059-42CB-9024-1CCFB9BCA489}.Release|Any CPU.Build.0 = Release|Any CPU
		{380A1B39-77B0-69F8-C926-2E3E4B1B2276}.Debug|Any CPU.ActiveCfg = Debug|Any CPU
		{380A1B39-77B0-69F8-C926-2E3E4B1B2276}.Debug|Any CPU.Build.0 = Debug|Any CPU
		{380A1B39-77B0-69F8-C926-2E3E4B1B2276}.Release|Any CPU.ActiveCfg = Release|Any CPU
		{380A1B39-77B0-69F8-C926-2E3E4B1B2276}.Release|Any CPU.Build.0 = Release|Any CPU
	EndGlobalSection
	GlobalSection(SolutionProperties) = preSolution
		HideSolutionNode = FALSE
	EndGlobalSection
	GlobalSection(ExtensibilityGlobals) = postSolution
		SolutionGuid = {824B921C-D271-4D97-A59B-1E4083BB554A}
	EndGlobalSection
EndGlobal
